
Microsoft Visual Studio Solution File, Format Version 12.00
# Visual Studio 15
VisualStudioVersion = 15.0.27703.2026
MinimumVisualStudioVersion = 10.0.40219.1
Project("{FAE04EC0-301F-11D3-BF4B-00C04F79EFBC}") = "CALCULATOR", "CALCULATOR\CALCULATOR.csproj", "{D530D09C-6980-4C4C-A3AD-2C1FF9928677}"
EndProject
Global
	GlobalSection(SolutionConfigurationPlatforms) = preSolution
		Debug|Any CPU = Debug|Any CPU
		Release|Any CPU = Release|Any CPU
	EndGlobalSection
	GlobalSection(ProjectConfigurationPlatforms) = postSolution
		{D530D09C-6980-4C4C-A3AD-2C1FF9928677}.Debug|Any CPU.ActiveCfg = Debug|Any CPU
		{D530D09C-6980-4C4C-A3AD-2C1FF9928677}.Debug|Any CPU.Build.0 = Debug|Any CPU
		{D530D09C-6980-4C4C-A3AD-2C1FF9928677}.Release|Any CPU.ActiveCfg = Release|Any CPU
		{D530D09C-6980-4C4C-A3AD-2C1FF9928677}.Release|Any CPU.Build.0 = Release|Any CPU
	EndGlobalSection
	GlobalSection(SolutionProperties) = preSolution
		HideSolutionNode = FALSE
	EndGlobalSection
	GlobalSection(ExtensibilityGlobals) = postSolution
		SolutionGuid = {3B80090D-9A93-43ED-BC1C-64F1A9827F8A}
	EndGlobalSection
EndGlobal
